
Microsoft Visual Studio Solution File, Format Version 12.00
# Visual Studio 15
VisualStudioVersion = 15.0.28307.1525
MinimumVisualStudioVersion = 10.0.40219.1
Project("{FAE04EC0-301F-11D3-BF4B-00C04F79EFBC}") = "Prueba2", "Prueba2\Prueba2.csproj", "{331BC01C-38E2-4ACF-AF7F-0D4F4D661BD6}"
EndProject
Global
	GlobalSection(SolutionConfigurationPlatforms) = preSolution
		Debug|Any CPU = Debug|Any CPU
		Release|Any CPU = Release|Any CPU
	EndGlobalSection
	GlobalSection(ProjectConfigurationPlatforms) = postSolution
		{331BC01C-38E2-4ACF-AF7F-0D4F4D661BD6}.Debug|Any CPU.ActiveCfg = Debug|Any CPU
		{331BC01C-38E2-4ACF-AF7F-0D4F4D661BD6}.Debug|Any CPU.Build.0 = Debug|Any CPU
		{331BC01C-38E2-4ACF-AF7F-0D4F4D661BD6}.Release|Any CPU.ActiveCfg = Release|Any CPU
		{331BC01C-38E2-4ACF-AF7F-0D4F4D661BD6}.Release|Any CPU.Build.0 = Release|Any CPU
	EndGlobalSection
	GlobalSection(SolutionProperties) = preSolution
		HideSolutionNode = FALSE
	EndGlobalSection
	GlobalSection(ExtensibilityGlobals) = postSolution
		SolutionGuid = {BE8FE877-9F06-4FDE-AFAD-EB273CD956AF}
	EndGlobalSection
EndGlobal
